
Microsoft Visual Studio Solution File, Format Version 12.00
# Visual Studio Version 17
VisualStudioVersion = 17.9.34728.123
MinimumVisualStudioVersion = 10.0.40219.1
Project("{FAE04EC0-301F-11D3-BF4B-00C04F79EFBC}") = "SeleniumTest", "SeleniumTest\SeleniumTest.csproj", "{45BA7A25-F330-42B7-830D-1A1018E84F2F}"
EndProject
Global
	GlobalSection(SolutionConfigurationPlatforms) = preSolution
		Debug|Any CPU = Debug|Any CPU
		Release|Any CPU = Release|Any CPU
	EndGlobalSection
	GlobalSection(ProjectConfigurationPlatforms) = postSolution
		{45BA7A25-F330-42B7-830D-1A1018E84F2F}.Debug|Any CPU.ActiveCfg = Debug|Any CPU
		{45BA7A25-F330-42B7-830D-1A1018E84F2F}.Debug|Any CPU.Build.0 = Debug|Any CPU
		{45BA7A25-F330-42B7-830D-1A1018E84F2F}.Release|Any CPU.ActiveCfg = Release|Any CPU
		{45BA7A25-F330-42B7-830D-1A1018E84F2F}.Release|Any CPU.Build.0 = Release|Any CPU
	EndGlobalSection
	GlobalSection(SolutionProperties) = preSolution
		HideSolutionNode = FALSE
	EndGlobalSection
	GlobalSection(ExtensibilityGlobals) = postSolution
		SolutionGuid = {5E3A3C2D-F525-4CFA-9C0E-94A996235766}
	EndGlobalSection
EndGlobal
